
Microsoft Visual Studio Solution File, Format Version 12.00
# Visual Studio Version 16
VisualStudioVersion = 16.0.30114.105
MinimumVisualStudioVersion = 10.0.40219.1
Project("{FAE04EC0-301F-11D3-BF4B-00C04F79EFBC}") = "API", "API\API.csproj", "{130FBA2C-4EC9-484D-962A-08CCB9616646}"
EndProject
Project("{FAE04EC0-301F-11D3-BF4B-00C04F79EFBC}") = "BLL", "BLL\BLL.csproj", "{8CA56E10-EFCD-4984-8FC1-51C01E539061}"
EndProject
Project("{FAE04EC0-301F-11D3-BF4B-00C04F79EFBC}") = "DAL", "DAL\DAL.csproj", "{A35632C5-2CD1-41FB-B312-B589E1A76299}"
EndProject
Project("{FAE04EC0-301F-11D3-BF4B-00C04F79EFBC}") = "DTO", "DTO\DTO.csproj", "{2710AEA0-6FE5-4FBF-96C6-FE39616D55C3}"
EndProject
Project("{FAE04EC0-301F-11D3-BF4B-00C04F79EFBC}") = "DAO", "DAO\DAO.csproj", "{A146BF7E-4619-4EA7-82CE-2F6C21C0ABEF}"
EndProject
Global
	GlobalSection(SolutionConfigurationPlatforms) = preSolution
		Debug|Any CPU = Debug|Any CPU
		Debug|x64 = Debug|x64
		Debug|x86 = Debug|x86
		Release|Any CPU = Release|Any CPU
		Release|x64 = Release|x64
		Release|x86 = Release|x86
	EndGlobalSection
	GlobalSection(SolutionProperties) = preSolution
		HideSolutionNode = FALSE
	EndGlobalSection
	GlobalSection(ProjectConfigurationPlatforms) = postSolution
		{130FBA2C-4EC9-484D-962A-08CCB9616646}.Debug|Any CPU.ActiveCfg = Debug|Any CPU
		{130FBA2C-4EC9-484D-962A-08CCB9616646}.Debug|Any CPU.Build.0 = Debug|Any CPU
		{130FBA2C-4EC9-484D-962A-08CCB9616646}.Debug|x64.ActiveCfg = Debug|Any CPU
		{130FBA2C-4EC9-484D-962A-08CCB9616646}.Debug|x64.Build.0 = Debug|Any CPU
		{130FBA2C-4EC9-484D-962A-08CCB9616646}.Debug|x86.ActiveCfg = Debug|Any CPU
		{130FBA2C-4EC9-484D-962A-08CCB9616646}.Debug|x86.Build.0 = Debug|Any CPU
		{130FBA2C-4EC9-484D-962A-08CCB9616646}.Release|Any CPU.ActiveCfg = Release|Any CPU
		{130FBA2C-4EC9-484D-962A-08CCB9616646}.Release|Any CPU.Build.0 = Release|Any CPU
		{130FBA2C-4EC9-484D-962A-08CCB9616646}.Release|x64.ActiveCfg = Release|Any CPU
		{130FBA2C-4EC9-484D-962A-08CCB9616646}.Release|x64.Build.0 = Release|Any CPU
		{130FBA2C-4EC9-484D-962A-08CCB9616646}.Release|x86.ActiveCfg = Release|Any CPU
		{130FBA2C-4EC9-484D-962A-08CCB9616646}.Release|x86.Build.0 = Release|Any CPU
		{8CA56E10-EFCD-4984-8FC1-51C01E539061}.Debug|Any CPU.ActiveCfg = Debug|Any CPU
		{8CA56E10-EFCD-4984-8FC1-51C01E539061}.Debug|Any CPU.Build.0 = Debug|Any CPU
		{8CA56E10-EFCD-4984-8FC1-51C01E539061}.Debug|x64.ActiveCfg = Debug|Any CPU
		{8CA56E10-EFCD-4984-8FC1-51C01E539061}.Debug|x64.Build.0 = Debug|Any CPU
		{8CA56E10-EFCD-4984-8FC1-51C01E539061}.Debug|x86.ActiveCfg = Debug|Any CPU
		{8CA56E10-EFCD-4984-8FC1-51C01E539061}.Debug|x86.Build.0 = Debug|Any CPU
		{8CA56E10-EFCD-4984-8FC1-51C01E539061}.Release|Any CPU.ActiveCfg = Release|Any CPU
		{8CA56E10-EFCD-4984-8FC1-51C01E539061}.Release|Any CPU.Build.0 = Release|Any CPU
		{8CA56E10-EFCD-4984-8FC1-51C01E539061}.Release|x64.ActiveCfg = Release|Any CPU
		{8CA56E10-EFCD-4984-8FC1-51C01E539061}.Release|x64.Build.0 = Release|Any CPU
		{8CA56E10-EFCD-4984-8FC1-51C01E539061}.Release|x86.ActiveCfg = Release|Any CPU
		{8CA56E10-EFCD-4984-8FC1-51C01E539061}.Release|x86.Build.0 = Release|Any CPU
		{A35632C5-2CD1-41FB-B312-B589E1A76299}.Debug|Any CPU.ActiveCfg = Debug|Any CPU
		{A35632C5-2CD1-41FB-B312-B589E1A76299}.Debug|Any CPU.Build.0 = Debug|Any CPU
		{A35632C5-2CD1-41FB-B312-B589E1A76299}.Debug|x64.ActiveCfg = Debug|Any CPU
		{A35632C5-2CD1-41FB-B312-B589E1A76299}.Debug|x64.Build.0 = Debug|Any CPU
		{A35632C5-2CD1-41FB-B312-B589E1A76299}.Debug|x86.ActiveCfg = Debug|Any CPU
		{A35632C5-2CD1-41FB-B312-B589E1A76299}.Debug|x86.Build.0 = Debug|Any CPU
		{A35632C5-2CD1-41FB-B312-B589E1A76299}.Release|Any CPU.ActiveCfg = Release|Any CPU
		{A35632C5-2CD1-41FB-B312-B589E1A76299}.Release|Any CPU.Build.0 = Release|Any CPU
		{A35632C5-2CD1-41FB-B312-B589E1A76299}.Release|x64.ActiveCfg = Release|Any CPU
		{A35632C5-2CD1-41FB-B312-B589E1A76299}.Release|x64.Build.0 = Release|Any CPU
		{A35632C5-2CD1-41FB-B312-B589E1A76299}.Release|x86.ActiveCfg = Release|Any CPU
		{A35632C5-2CD1-41FB-B312-B589E1A76299}.Release|x86.Build.0 = Release|Any CPU
		{2710AEA0-6FE5-4FBF-96C6-FE39616D55C3}.Debug|Any CPU.ActiveCfg = Debug|Any CPU
		{2710AEA0-6FE5-4FBF-96C6-FE39616D55C3}.Debug|Any CPU.Build.0 = Debug|Any CPU
		{2710AEA0-6FE5-4FBF-96C6-FE39616D55C3}.Debug|x64.ActiveCfg = Debug|Any CPU
		{2710AEA0-6FE5-4FBF-96C6-FE39616D55C3}.Debug|x64.Build.0 = Debug|Any CPU
		{2710AEA0-6FE5-4FBF-96C6-FE39616D55C3}.Debug|x86.ActiveCfg = Debug|Any CPU
		{2710AEA0-6FE5-4FBF-96C6-FE39616D55C3}.Debug|x86.Build.0 = Debug|Any CPU
		{2710AEA0-6FE5-4FBF-96C6-FE39616D55C3}.Release|Any CPU.ActiveCfg = Release|Any CPU
		{2710AEA0-6FE5-4FBF-96C6-FE39616D55C3}.Release|Any CPU.Build.0 = Release|Any CPU
		{2710AEA0-6FE5-4FBF-96C6-FE39616D55C3}.Release|x64.ActiveCfg = Release|Any CPU
		{2710AEA0-6FE5-4FBF-96C6-FE39616D55C3}.Release|x64.Build.0 = Release|Any CPU
		{2710AEA0-6FE5-4FBF-96C6-FE39616D55C3}.Release|x86.ActiveCfg = Release|Any CPU
		{2710AEA0-6FE5-4FBF-96C6-FE39616D55C3}.Release|x86.Build.0 = Release|Any CPU
		{A146BF7E-4619-4EA7-82CE-2F6C21C0ABEF}.Debug|Any CPU.ActiveCfg = Debug|Any CPU
		{A146BF7E-4619-4EA7-82CE-2F6C21C0ABEF}.Debug|Any CPU.Build.0 = Debug|Any CPU
		{A146BF7E-4619-4EA7-82CE-2F6C21C0ABEF}.Debug|x64.ActiveCfg = Debug|Any CPU
		{A146BF7E-4619-4EA7-82CE-2F6C21C0ABEF}.Debug|x64.Build.0 = Debug|Any CPU
		{A146BF7E-4619-4EA7-82CE-2F6C21C0ABEF}.Debug|x86.ActiveCfg = Debug|Any CPU
		{A146BF7E-4619-4EA7-82CE-2F6C21C0ABEF}.Debug|x86.Build.0 = Debug|Any CPU
		{A146BF7E-4619-4EA7-82CE-2F6C21C0ABEF}.Release|Any CPU.ActiveCfg = Release|Any CPU
		{A146BF7E-4619-4EA7-82CE-2F6C21C0ABEF}.Release|Any CPU.Build.0 = Release|Any CPU
		{A146BF7E-4619-4EA7-82CE-2F6C21C0ABEF}.Release|x64.ActiveCfg = Release|Any CPU
		{A146BF7E-4619-4EA7-82CE-2F6C21C0ABEF}.Release|x64.Build.0 = Release|Any CPU
		{A146BF7E-4619-4EA7-82CE-2F6C21C0ABEF}.Release|x86.ActiveCfg = Release|Any CPU
		{A146BF7E-4619-4EA7-82CE-2F6C21C0ABEF}.Release|x86.Build.0 = Release|Any CPU
	EndGlobalSection
EndGlobal
